
Microsoft Visual Studio Solution File, Format Version 12.00
# Visual Studio Version 16
VisualStudioVersion = 16.0.31624.102
MinimumVisualStudioVersion = 10.0.40219.1
Project("{9A19103F-16F7-4668-BE54-9A1E7A4F7556}") = "Methode Aufgabe 1", "Methode Aufgabe 1\Methode Aufgabe 1.csproj", "{1FA88E4A-0436-4A4A-9A21-DF6EE54C3DE4}"
EndProject
Project("{FAE04EC0-301F-11D3-BF4B-00C04F79EFBC}") = "Methode implementieren und aufrufen", "Methode implementieren und aufrufen\Methode implementieren und aufrufen.csproj", "{3EB2421D-D08C-462D-9C25-4C21999DB221}"
EndProject
Global
	GlobalSection(SolutionConfigurationPlatforms) = preSolution
		Debug|Any CPU = Debug|Any CPU
		Release|Any CPU = Release|Any CPU
	EndGlobalSection
	GlobalSection(ProjectConfigurationPlatforms) = postSolution
		{1FA88E4A-0436-4A4A-9A21-DF6EE54C3DE4}.Debug|Any CPU.ActiveCfg = Debug|Any CPU
		{1FA88E4A-0436-4A4A-9A21-DF6EE54C3DE4}.Debug|Any CPU.Build.0 = Debug|Any CPU
		{1FA88E4A-0436-4A4A-9A21-DF6EE54C3DE4}.Release|Any CPU.ActiveCfg = Release|Any CPU
		{1FA88E4A-0436-4A4A-9A21-DF6EE54C3DE4}.Release|Any CPU.Build.0 = Release|Any CPU
		{3EB2421D-D08C-462D-9C25-4C21999DB221}.Debug|Any CPU.ActiveCfg = Debug|Any CPU
		{3EB2421D-D08C-462D-9C25-4C21999DB221}.Debug|Any CPU.Build.0 = Debug|Any CPU
		{3EB2421D-D08C-462D-9C25-4C21999DB221}.Release|Any CPU.ActiveCfg = Release|Any CPU
		{3EB2421D-D08C-462D-9C25-4C21999DB221}.Release|Any CPU.Build.0 = Release|Any CPU
	EndGlobalSection
	GlobalSection(SolutionProperties) = preSolution
		HideSolutionNode = FALSE
	EndGlobalSection
	GlobalSection(ExtensibilityGlobals) = postSolution
		SolutionGuid = {F181165A-BD9C-4EB5-98CA-2C8FB67975BE}
	EndGlobalSection
EndGlobal
